[[package]]
name = "cloudpickle"
version = "2.2.1"
description = "Extended pickling support for Python objects"
category = "main"
optional = false
python-versions = ">=3.6"

[[package]]
name = "gym"
version = "0.26.2"
description = "Gym: A universal API for reinforcement learning environments"
category = "main"
optional = false
python-versions = ">=3.6"

[package.dependencies]
cloudpickle = ">=1.2.0"
gym_notices = ">=0.0.4"
importlib_metadata = {version = ">=4.8.0", markers = "python_version < \"3.10\""}
numpy = ">=1.18.0"

[package.extras]
accept-rom-license = ["autorom[accept-rom-license] (>=0.4.2,<0.5.0)"]
all = ["pygame (==2.1.0)", "box2d-py (==2.3.5)", "opencv-python (>=3.0)", "matplotlib (>=3.0)", "moviepy (>=1.0.0)", "swig (>=4.0.0,<5.0.0)", "lz4 (>=3.1.0)", "pytest (==7.0.1)", "mujoco_py (>=2.1,<2.2)", "mujoco (==2.2)", "ale-py (>=0.8.0,<0.9.0)", "imageio (>=2.14.1)"]
atari = ["ale-py (>=0.8.0,<0.9.0)"]
box2d = ["box2d-py (==2.3.5)", "pygame (==2.1.0)", "swig (>=4.0.0,<5.0.0)"]
classic_control = ["pygame (==2.1.0)"]
mujoco = ["mujoco (==2.2)", "imageio (>=2.14.1)"]
mujoco_py = ["mujoco_py (>=2.1,<2.2)"]
other = ["lz4 (>=3.1.0)", "opencv-python (>=3.0)", "matplotlib (>=3.0)", "moviepy (>=1.0.0)"]
testing = ["pygame (==2.1.0)", "box2d-py (==2.3.5)", "swig (>=4.0.0,<5.0.0)", "opencv-python (>=3.0)", "matplotlib (>=3.0)", "moviepy (>=1.0.0)", "lz4 (>=3.1.0)", "mujoco_py (>=2.1,<2.2)", "mujoco (==2.2)", "imageio (>=2.14.1)", "pytest (==7.0.1)"]
toy_text = ["pygame (==2.1.0)"]

[[package]]
name = "gym-notices"
version = "0.0.8"
description = "Notices for gym"
category = "main"
optional = false
python-versions = "*"

[[package]]
name = "importlib-metadata"
version = "6.6.0"
description = "Read metadata from Python packages"
category = "main"
optional = false
python-versions = ">=3.7"

[package.dependencies]
zipp = ">=0.5"

[package.extras]
docs = ["sphinx (>=3.5)", "jaraco.packaging (>=9)", "rst.linker (>=1.9)", "furo", "sphinx-lint", "jaraco.tidelift (>=1.4)"]
perf = ["ipython"]
testing = ["pytest (>=6)", "pytest-checkdocs (>=2.4)", "flake8 (<5)", "pytest-cov", "pytest-enabler (>=1.3)", "packaging", "pyfakefs", "flufl.flake8", "pytest-perf (>=0.9.2)", "pytest-black (>=0.3.7)", "pytest-mypy (>=0.9.1)", "pytest-flake8", "importlib-resources (>=1.3)"]

[[package]]
name = "numpy"
version = "1.24.3"
description = "Fundamental package for array computing in Python"
category = "main"
optional = false
python-versions = ">=3.8"

[[package]]
name = "zipp"
version = "3.15.0"
description = "Backport of pathlib-compatible object wrapper for zip files"
category = "main"
optional = false
python-versions = ">=3.7"

[package.extras]
docs = ["sphinx (>=3.5)", "jaraco.packaging (>=9)", "rst.linker (>=1.9)", "furo", "sphinx-lint", "jaraco.tidelift (>=1.4)"]
testing = ["pytest (>=6)", "pytest-checkdocs (>=2.4)", "flake8 (<5)", "pytest-cov", "pytest-enabler (>=1.3)", "jaraco.itertools", "jaraco.functools", "more-itertools", "big-o", "pytest-black (>=0.3.7)", "pytest-mypy (>=0.9.1)", "pytest-flake8"]

[metadata]
lock-version = "1.1"
python-versions = "^3.8"
content-hash = "057033d0ceda29ea44e2cde9348b07f0eb538d740c93beb7a84d25056c9fa5a7"

[metadata.files]
cloudpickle = []
gym = []
gym-notices = []
importlib-metadata = []
numpy = []
zipp = []
